
Microsoft Visual Studio Solution File, Format Version 12.00
# Visual Studio Version 17
VisualStudioVersion = 17.5.33627.172
MinimumVisualStudioVersion = 10.0.40219.1
Project("{9A19103F-16F7-4668-BE54-9A1E7A4F7556}") = "MaterialsWarehouse.API", "MaterialsWarehouse.API\MaterialsWarehouse.API.csproj", "{B53C5105-4E6A-43FA-8D80-AE5EC3782476}"
EndProject
Project("{9A19103F-16F7-4668-BE54-9A1E7A4F7556}") = "MaterialsWarehouse.Application", "MaterialsWarehouse.Application\MaterialsWarehouse.Application.csproj", "{D011560E-C88C-44DE-BFAF-A2BB018C99D1}"
EndProject
Project("{9A19103F-16F7-4668-BE54-9A1E7A4F7556}") = "MaterialsWarehouse.Domain", "MaterialsWarehouse.Domain\MaterialsWarehouse.Domain.csproj", "{45CFEF50-AAB8-49A9-A3C7-A8DCAF511CD0}"
EndProject
Project("{9A19103F-16F7-4668-BE54-9A1E7A4F7556}") = "MaterialsWarehouse.Infrastructure", "MaterialsWarehouse.Infrastructure\MaterialsWarehouse.Infrastructure.csproj", "{5578FD38-84EC-4C58-96BA-E07F58804B40}"
EndProject
Project("{2150E333-8FDC-42A3-9474-1A3956D46DE8}") = "Solution Items", "Solution Items", "{FBC943A6-5AA2-4215-A71D-CA1B12176F1D}"
	ProjectSection(SolutionItems) = preProject
		.editorconfig = .editorconfig
	EndProjectSection
EndProject
Project("{9A19103F-16F7-4668-BE54-9A1E7A4F7556}") = "Manufacturing.Common", "..\Manufacturing.Common\Manufacturing.Common.csproj", "{EDE5CE2F-4863-4D4E-9DE8-028F8D342A45}"
EndProject
Global
	GlobalSection(SolutionConfigurationPlatforms) = preSolution
		Debug|Any CPU = Debug|Any CPU
		Release|Any CPU = Release|Any CPU
	EndGlobalSection
	GlobalSection(ProjectConfigurationPlatforms) = postSolution
		{B53C5105-4E6A-43FA-8D80-AE5EC3782476}.Debug|Any CPU.ActiveCfg = Debug|Any CPU
		{B53C5105-4E6A-43FA-8D80-AE5EC3782476}.Debug|Any CPU.Build.0 = Debug|Any CPU
		{B53C5105-4E6A-43FA-8D80-AE5EC3782476}.Release|Any CPU.ActiveCfg = Release|Any CPU
		{B53C5105-4E6A-43FA-8D80-AE5EC3782476}.Release|Any CPU.Build.0 = Release|Any CPU
		{D011560E-C88C-44DE-BFAF-A2BB018C99D1}.Debug|Any CPU.ActiveCfg = Debug|Any CPU
		{D011560E-C88C-44DE-BFAF-A2BB018C99D1}.Debug|Any CPU.Build.0 = Debug|Any CPU
		{D011560E-C88C-44DE-BFAF-A2BB018C99D1}.Release|Any CPU.ActiveCfg = Release|Any CPU
		{D011560E-C88C-44DE-BFAF-A2BB018C99D1}.Release|Any CPU.Build.0 = Release|Any CPU
		{45CFEF50-AAB8-49A9-A3C7-A8DCAF511CD0}.Debug|Any CPU.ActiveCfg = Debug|Any CPU
		{45CFEF50-AAB8-49A9-A3C7-A8DCAF511CD0}.Debug|Any CPU.Build.0 = Debug|Any CPU
		{45CFEF50-AAB8-49A9-A3C7-A8DCAF511CD0}.Release|Any CPU.ActiveCfg = Release|Any CPU
		{45CFEF50-AAB8-49A9-A3C7-A8DCAF511CD0}.Release|Any CPU.Build.0 = Release|Any CPU
		{5578FD38-84EC-4C58-96BA-E07F58804B40}.Debug|Any CPU.ActiveCfg = Debug|Any CPU
		{5578FD38-84EC-4C58-96BA-E07F58804B40}.Debug|Any CPU.Build.0 = Debug|Any CPU
		{5578FD38-84EC-4C58-96BA-E07F58804B40}.Release|Any CPU.ActiveCfg = Release|Any CPU
		{5578FD38-84EC-4C58-96BA-E07F58804B40}.Release|Any CPU.Build.0 = Release|Any CPU
		{EDE5CE2F-4863-4D4E-9DE8-028F8D342A45}.Debug|Any CPU.ActiveCfg = Debug|Any CPU
		{EDE5CE2F-4863-4D4E-9DE8-028F8D342A45}.Debug|Any CPU.Build.0 = Debug|Any CPU
		{EDE5CE2F-4863-4D4E-9DE8-028F8D342A45}.Release|Any CPU.ActiveCfg = Release|Any CPU
		{EDE5CE2F-4863-4D4E-9DE8-028F8D342A45}.Release|Any CPU.Build.0 = Release|Any CPU
	EndGlobalSection
	GlobalSection(SolutionProperties) = preSolution
		HideSolutionNode = FALSE
	EndGlobalSection
	GlobalSection(ExtensibilityGlobals) = postSolution
		SolutionGuid = {CACD9D55-E9AF-4CA3-B1A0-FA71D0DA1707}
	EndGlobalSection
EndGlobal
